
Microsoft Visual Studio Solution File, Format Version 12.00
# Visual Studio Version 16
VisualStudioVersion = 16.0.30406.217
MinimumVisualStudioVersion = 10.0.40219.1
Project("{FAE04EC0-301F-11D3-BF4B-00C04F79EFBC}") = "TransactionSystem", "TransactionSystem\TransactionSystem.csproj", "{12658265-4397-4989-81C3-11756036277A}"
EndProject
Global
	GlobalSection(SolutionConfigurationPlatforms) = preSolution
		Debug|Any CPU = Debug|Any CPU
		Release|Any CPU = Release|Any CPU
	EndGlobalSection
	GlobalSection(ProjectConfigurationPlatforms) = postSolution
		{12658265-4397-4989-81C3-11756036277A}.Debug|Any CPU.ActiveCfg = Debug|Any CPU
		{12658265-4397-4989-81C3-11756036277A}.Debug|Any CPU.Build.0 = Debug|Any CPU
		{12658265-4397-4989-81C3-11756036277A}.Release|Any CPU.ActiveCfg = Release|Any CPU
		{12658265-4397-4989-81C3-11756036277A}.Release|Any CPU.Build.0 = Release|Any CPU
	EndGlobalSection
	GlobalSection(SolutionProperties) = preSolution
		HideSolutionNode = FALSE
	EndGlobalSection
	GlobalSection(ExtensibilityGlobals) = postSolution
		SolutionGuid = {A076502E-1844-453F-802F-C11F8F44215B}
	EndGlobalSection
EndGlobal
